
Microsoft Visual Studio Solution File, Format Version 12.00
# Visual Studio Version 17
VisualStudioVersion = 17.14.36414.22 d17.14
MinimumVisualStudioVersion = 10.0.40219.1
Project("{FAE04EC0-301F-11D3-BF4B-00C04F79EFBC}") = "beauti-salon-app", "beauti-salon-app\beauti-salon-app.csproj", "{FBED7E08-50B5-4F54-95BA-1502D7BF0E9E}"
EndProject
Global
	GlobalSection(SolutionConfigurationPlatforms) = preSolution
		Debug|Any CPU = Debug|Any CPU
		Release|Any CPU = Release|Any CPU
	EndGlobalSection
	GlobalSection(ProjectConfigurationPlatforms) = postSolution
		{FBED7E08-50B5-4F54-95BA-1502D7BF0E9E}.Debug|Any CPU.ActiveCfg = Debug|Any CPU
		{FBED7E08-50B5-4F54-95BA-1502D7BF0E9E}.Debug|Any CPU.Build.0 = Debug|Any CPU
		{FBED7E08-50B5-4F54-95BA-1502D7BF0E9E}.Release|Any CPU.ActiveCfg = Release|Any CPU
		{FBED7E08-50B5-4F54-95BA-1502D7BF0E9E}.Release|Any CPU.Build.0 = Release|Any CPU
	EndGlobalSection
	GlobalSection(SolutionProperties) = preSolution
		HideSolutionNode = FALSE
	EndGlobalSection
	GlobalSection(ExtensibilityGlobals) = postSolution
		SolutionGuid = {0474D40A-3B05-4F17-8164-8229AF1FA861}
	EndGlobalSection
EndGlobal
